
Microsoft Visual Studio Solution File, Format Version 12.00
# Visual Studio Version 17
VisualStudioVersion = 17.0.31903.59
MinimumVisualStudioVersion = 10.0.40219.1
Project("{2150E333-8FDC-42A3-9474-1A3956D46DE8}") = "src", "src", "{121AE3AD-CEE5-44A7-A57B-C159F929EF7A}"
EndProject
Project("{FAE04EC0-301F-11D3-BF4B-00C04F79EFBC}") = "ApiKeyAuthApp", "src\ApiKeyAuthApp\ApiKeyAuthApp.csproj", "{A2079047-EC5C-4CF0-B81A-8687175CA557}"
EndProject
Project("{FAE04EC0-301F-11D3-BF4B-00C04F79EFBC}") = "BasicAuthApp", "src\BasicAuthApp\BasicAuthApp.csproj", "{B0D9E2EF-A80E-4A60-993F-8043E9CA2716}"
EndProject
Project("{FAE04EC0-301F-11D3-BF4B-00C04F79EFBC}") = "AuthCodeAuthApp", "src\AuthCodeAuthApp\AuthCodeAuthApp.csproj", "{BD842712-7B62-4F80-A3D5-6510AA37DC1A}"
EndProject
Global
	GlobalSection(SolutionConfigurationPlatforms) = preSolution
		Debug|Any CPU = Debug|Any CPU
		Release|Any CPU = Release|Any CPU
	EndGlobalSection
	GlobalSection(SolutionProperties) = preSolution
		HideSolutionNode = FALSE
	EndGlobalSection
	GlobalSection(ProjectConfigurationPlatforms) = postSolution
		{A2079047-EC5C-4CF0-B81A-8687175CA557}.Debug|Any CPU.ActiveCfg = Debug|Any CPU
		{A2079047-EC5C-4CF0-B81A-8687175CA557}.Debug|Any CPU.Build.0 = Debug|Any CPU
		{A2079047-EC5C-4CF0-B81A-8687175CA557}.Release|Any CPU.ActiveCfg = Release|Any CPU
		{A2079047-EC5C-4CF0-B81A-8687175CA557}.Release|Any CPU.Build.0 = Release|Any CPU
		{B0D9E2EF-A80E-4A60-993F-8043E9CA2716}.Debug|Any CPU.ActiveCfg = Debug|Any CPU
		{B0D9E2EF-A80E-4A60-993F-8043E9CA2716}.Debug|Any CPU.Build.0 = Debug|Any CPU
		{B0D9E2EF-A80E-4A60-993F-8043E9CA2716}.Release|Any CPU.ActiveCfg = Release|Any CPU
		{B0D9E2EF-A80E-4A60-993F-8043E9CA2716}.Release|Any CPU.Build.0 = Release|Any CPU
		{BD842712-7B62-4F80-A3D5-6510AA37DC1A}.Debug|Any CPU.ActiveCfg = Debug|Any CPU
		{BD842712-7B62-4F80-A3D5-6510AA37DC1A}.Debug|Any CPU.Build.0 = Debug|Any CPU
		{BD842712-7B62-4F80-A3D5-6510AA37DC1A}.Release|Any CPU.ActiveCfg = Release|Any CPU
		{BD842712-7B62-4F80-A3D5-6510AA37DC1A}.Release|Any CPU.Build.0 = Release|Any CPU
	EndGlobalSection
	GlobalSection(NestedProjects) = preSolution
		{A2079047-EC5C-4CF0-B81A-8687175CA557} = {121AE3AD-CEE5-44A7-A57B-C159F929EF7A}
		{B0D9E2EF-A80E-4A60-993F-8043E9CA2716} = {121AE3AD-CEE5-44A7-A57B-C159F929EF7A}
		{BD842712-7B62-4F80-A3D5-6510AA37DC1A} = {121AE3AD-CEE5-44A7-A57B-C159F929EF7A}
	EndGlobalSection
EndGlobal
